
Microsoft Visual Studio Solution File, Format Version 12.00
# Visual Studio Version 17
VisualStudioVersion = 17.0.31903.59
MinimumVisualStudioVersion = 10.0.40219.1
Project("{FAE04EC0-301F-11D3-BF4B-00C04F79EFBC}") = "EventManagement.Core", "EventManagement.Core\EventManagement.Core.csproj", "{0A66239C-FD06-4D48-A445-6639636DE046}"
EndProject
Project("{FAE04EC0-301F-11D3-BF4B-00C04F79EFBC}") = "EventManagement.Infrastructure", "EventManagement.Infrastructure\EventManagement.Infrastructure.csproj", "{A72935B1-ABAC-4072-B127-04E3019C71B7}"
EndProject
Project("{FAE04EC0-301F-11D3-BF4B-00C04F79EFBC}") = "EventManagement.API", "EventManagement.API\EventManagement.API.csproj", "{B02FB35E-34E3-4565-BC3C-AD137475EA80}"
EndProject
Project("{FAE04EC0-301F-11D3-BF4B-00C04F79EFBC}") = "EventManagement.UI", "EventManagement.UI\EventManagement.UI.csproj", "{5CB10715-285C-4353-8A14-E28AE149506D}"
EndProject
Global
	GlobalSection(SolutionConfigurationPlatforms) = preSolution
		Debug|Any CPU = Debug|Any CPU
		Release|Any CPU = Release|Any CPU
	EndGlobalSection
	GlobalSection(SolutionProperties) = preSolution
		HideSolutionNode = FALSE
	EndGlobalSection
	GlobalSection(ProjectConfigurationPlatforms) = postSolution
		{0A66239C-FD06-4D48-A445-6639636DE046}.Debug|Any CPU.ActiveCfg = Debug|Any CPU
		{0A66239C-FD06-4D48-A445-6639636DE046}.Debug|Any CPU.Build.0 = Debug|Any CPU
		{0A66239C-FD06-4D48-A445-6639636DE046}.Release|Any CPU.ActiveCfg = Release|Any CPU
		{0A66239C-FD06-4D48-A445-6639636DE046}.Release|Any CPU.Build.0 = Release|Any CPU
		{A72935B1-ABAC-4072-B127-04E3019C71B7}.Debug|Any CPU.ActiveCfg = Debug|Any CPU
		{A72935B1-ABAC-4072-B127-04E3019C71B7}.Debug|Any CPU.Build.0 = Debug|Any CPU
		{A72935B1-ABAC-4072-B127-04E3019C71B7}.Release|Any CPU.ActiveCfg = Release|Any CPU
		{A72935B1-ABAC-4072-B127-04E3019C71B7}.Release|Any CPU.Build.0 = Release|Any CPU
		{B02FB35E-34E3-4565-BC3C-AD137475EA80}.Debug|Any CPU.ActiveCfg = Debug|Any CPU
		{B02FB35E-34E3-4565-BC3C-AD137475EA80}.Debug|Any CPU.Build.0 = Debug|Any CPU
		{B02FB35E-34E3-4565-BC3C-AD137475EA80}.Release|Any CPU.ActiveCfg = Release|Any CPU
		{B02FB35E-34E3-4565-BC3C-AD137475EA80}.Release|Any CPU.Build.0 = Release|Any CPU
		{5CB10715-285C-4353-8A14-E28AE149506D}.Debug|Any CPU.ActiveCfg = Debug|Any CPU
		{5CB10715-285C-4353-8A14-E28AE149506D}.Debug|Any CPU.Build.0 = Debug|Any CPU
		{5CB10715-285C-4353-8A14-E28AE149506D}.Release|Any CPU.ActiveCfg = Release|Any CPU
		{5CB10715-285C-4353-8A14-E28AE149506D}.Release|Any CPU.Build.0 = Release|Any CPU
	EndGlobalSection
EndGlobal
